
Microsoft Visual Studio Solution File, Format Version 12.00
Project("{2150E333-8FDC-42A3-9474-1A3956D46DE8}") = "Session1", "Session1", "{3489E91A-2973-4A49-86BD-6DD0DC0A4C8E}"
EndProject
Project("{FAE04EC0-301F-11D3-BF4B-00C04F79EFBC}") = "S1_Ex1", "S1_Ex1\S1_Ex1.csproj", "{C53F3409-061B-4F0D-BC1B-915EF18BB584}"
EndProject
Project("{FAE04EC0-301F-11D3-BF4B-00C04F79EFBC}") = "S1_Ex2", "S1_Ex2\S1_Ex2.csproj", "{F62D163F-F570-4508-AC76-ADC960C84D3F}"
EndProject
Project("{FAE04EC0-301F-11D3-BF4B-00C04F79EFBC}") = "Ex3", "Ex3\Ex3.csproj", "{91E577C3-6541-4998-AAE4-A8F9EEB95F08}"
EndProject
Project("{FAE04EC0-301F-11D3-BF4B-00C04F79EFBC}") = "Ex4", "Ex4\Ex4.csproj", "{BF63BCA9-7066-47F7-8097-B2FF21B05C82}"
EndProject
Project("{FAE04EC0-301F-11D3-BF4B-00C04F79EFBC}") = "Ex5", "Ex5\Ex5.csproj", "{899A49B1-B1B6-4586-9BB9-47C91400BAEA}"
EndProject
Project("{FAE04EC0-301F-11D3-BF4B-00C04F79EFBC}") = "Ex6", "Ex6\Ex6.csproj", "{71D36641-9777-475D-97CF-256156895065}"
EndProject
Project("{FAE04EC0-301F-11D3-BF4B-00C04F79EFBC}") = "Ex8", "Ex8\Ex8.csproj", "{E405E067-4470-4929-8B0C-C4907EF6514B}"
EndProject
Project("{FAE04EC0-301F-11D3-BF4B-00C04F79EFBC}") = "Ex9", "Ex9\Ex9.csproj", "{53087059-BCB1-4AF0-84D4-C7C50A6431B1}"
EndProject
Project("{FAE04EC0-301F-11D3-BF4B-00C04F79EFBC}") = "Ex10", "Ex10\Ex10.csproj", "{515430A0-9846-422C-A9A7-7DA1A21A1D7C}"
EndProject
Project("{FAE04EC0-301F-11D3-BF4B-00C04F79EFBC}") = "Ex11", "Ex11\Ex11.csproj", "{5E1BAC4E-FAF6-4801-8563-FDB925148C60}"
EndProject
Project("{2150E333-8FDC-42A3-9474-1A3956D46DE8}") = "Session2", "Session2", "{D9B2A230-649C-411B-93FD-404067C2EAFE}"
EndProject
Project("{FAE04EC0-301F-11D3-BF4B-00C04F79EFBC}") = "Ex1", "Session2\Ex1\Ex1.csproj", "{92616625-25C6-4B12-9C66-836836E4B5FD}"
EndProject
Project("{FAE04EC0-301F-11D3-BF4B-00C04F79EFBC}") = "Ex2", "Session2\Ex2\Ex2.csproj", "{88CD5C59-FA1E-47DA-8370-D526521BC7F8}"
EndProject
Project("{FAE04EC0-301F-11D3-BF4B-00C04F79EFBC}") = "Ex3_Doctor", "Session2\Ex3_Doctor\Ex3_Doctor.csproj", "{D62293B2-C840-489C-B050-FE5776D67B55}"
EndProject
Project("{FAE04EC0-301F-11D3-BF4B-00C04F79EFBC}") = "Ex.4", "Session2\Ex.4\Ex.4.csproj", "{7C9D1B3C-69C7-45EB-AA8A-5E812A8A0F2A}"
EndProject
Project("{FAE04EC0-301F-11D3-BF4B-00C04F79EFBC}") = "SpellOutNumber", "Session2\SpellOutNumber\SpellOutNumber.csproj", "{EE2053AC-9253-40FF-8298-79A9A46923D3}"
EndProject
Project("{FAE04EC0-301F-11D3-BF4B-00C04F79EFBC}") = "Polindrom", "Session2\Polindrom\Polindrom.csproj", "{0630B20D-6C38-4D05-9907-506CE3D2C4F3}"
EndProject
Project("{FAE04EC0-301F-11D3-BF4B-00C04F79EFBC}") = "SumsAndQuestionsMarks", "Session2\SumsAndQuestionsMarks\SumsAndQuestionsMarks.csproj", "{E48D873A-164D-437B-A237-22DA83C4F0C3}"
EndProject
Project("{2150E333-8FDC-42A3-9474-1A3956D46DE8}") = "Session3", "Session3", "{FFC79406-1A29-4F3A-B861-F94ED3452D6F}"
EndProject
Project("{FAE04EC0-301F-11D3-BF4B-00C04F79EFBC}") = "Ex1JSON", "Ex1JSON\Ex1JSON.csproj", "{E492DA51-5D93-4E9B-9666-AA805516A458}"
EndProject
Project("{FAE04EC0-301F-11D3-BF4B-00C04F79EFBC}") = "Ex2JSON", "Ex2JSON\Ex2JSON.csproj", "{32A8005A-A5D7-4866-A78C-72714AF74E71}"
EndProject
Project("{2150E333-8FDC-42A3-9474-1A3956D46DE8}") = "EchoServer", "EchoServer", "{BDC37F25-75D0-4254-9B93-98E65B43F95C}"
EndProject
Project("{FAE04EC0-301F-11D3-BF4B-00C04F79EFBC}") = "Server", "EchoServer\Server\Server.csproj", "{19BF6FE1-4213-41CC-B749-3825C0D581B4}"
EndProject
Project("{2150E333-8FDC-42A3-9474-1A3956D46DE8}") = "MultiThreadedServer", "MultiThreadedServer", "{3A2E3CDF-3CDE-44D1-A120-707B905365EF}"
EndProject
Project("{FAE04EC0-301F-11D3-BF4B-00C04F79EFBC}") = "MultiThreaded", "MultiThreaded\MultiThreaded.csproj", "{5E8F1FE0-F6AB-4FC5-8607-FDB9422CBCFD}"
EndProject
Project("{FAE04EC0-301F-11D3-BF4B-00C04F79EFBC}") = "ClientEcho", "EchoServer\ClientEcho\ClientEcho.csproj", "{4C7DE7DA-3231-4432-9382-B580C61F6948}"
EndProject
Project("{FAE04EC0-301F-11D3-BF4B-00C04F79EFBC}") = "ClientM", "ClientM\ClientM.csproj", "{6A401DC1-33A5-469A-A73E-C1B97C5DB951}"
EndProject
Project("{2150E333-8FDC-42A3-9474-1A3956D46DE8}") = "ChatSystem", "ChatSystem", "{6F19135D-5E3D-4297-9619-388661248E20}"
EndProject
Project("{FAE04EC0-301F-11D3-BF4B-00C04F79EFBC}") = "ChatClient", "ChatClient\ChatClient.csproj", "{4F11136E-734C-4A5E-AD0D-6B9FA45413D2}"
EndProject
Project("{FAE04EC0-301F-11D3-BF4B-00C04F79EFBC}") = "ChatServer", "ChatServer\ChatServer.csproj", "{233D0FCF-0A1A-49E6-BC71-8AE08537CEEE}"
EndProject
Project("{2150E333-8FDC-42A3-9474-1A3956D46DE8}") = "SendingObjects", "SendingObjects", "{A0931DAA-4A7B-4362-9A12-5A65B1AD5689}"
EndProject
Project("{FAE04EC0-301F-11D3-BF4B-00C04F79EFBC}") = "ChatClientObj", "ChatClientObj\ChatClientObj.csproj", "{28EEE768-9AB4-4A00-8842-1A02395193F1}"
EndProject
Project("{FAE04EC0-301F-11D3-BF4B-00C04F79EFBC}") = "ChatServerObj", "ChatServerObj\ChatServerObj.csproj", "{F719F23C-B412-44B4-AE64-576F81911F62}"
EndProject
Project("{FAE04EC0-301F-11D3-BF4B-00C04F79EFBC}") = "Lesson4", "Lesson4\Lesson4.csproj", "{E5A3B6C5-D5DB-4FD0-8064-493A3FA49C3A}"
EndProject
Global
	GlobalSection(SolutionConfigurationPlatforms) = preSolution
		Debug|Any CPU = Debug|Any CPU
		Release|Any CPU = Release|Any CPU
	EndGlobalSection
	GlobalSection(NestedProjects) = preSolution
		{C53F3409-061B-4F0D-BC1B-915EF18BB584} = {3489E91A-2973-4A49-86BD-6DD0DC0A4C8E}
		{F62D163F-F570-4508-AC76-ADC960C84D3F} = {3489E91A-2973-4A49-86BD-6DD0DC0A4C8E}
		{91E577C3-6541-4998-AAE4-A8F9EEB95F08} = {3489E91A-2973-4A49-86BD-6DD0DC0A4C8E}
		{BF63BCA9-7066-47F7-8097-B2FF21B05C82} = {3489E91A-2973-4A49-86BD-6DD0DC0A4C8E}
		{899A49B1-B1B6-4586-9BB9-47C91400BAEA} = {3489E91A-2973-4A49-86BD-6DD0DC0A4C8E}
		{71D36641-9777-475D-97CF-256156895065} = {3489E91A-2973-4A49-86BD-6DD0DC0A4C8E}
		{E405E067-4470-4929-8B0C-C4907EF6514B} = {3489E91A-2973-4A49-86BD-6DD0DC0A4C8E}
		{515430A0-9846-422C-A9A7-7DA1A21A1D7C} = {3489E91A-2973-4A49-86BD-6DD0DC0A4C8E}
		{5E1BAC4E-FAF6-4801-8563-FDB925148C60} = {3489E91A-2973-4A49-86BD-6DD0DC0A4C8E}
		{53087059-BCB1-4AF0-84D4-C7C50A6431B1} = {3489E91A-2973-4A49-86BD-6DD0DC0A4C8E}
		{92616625-25C6-4B12-9C66-836836E4B5FD} = {D9B2A230-649C-411B-93FD-404067C2EAFE}
		{88CD5C59-FA1E-47DA-8370-D526521BC7F8} = {D9B2A230-649C-411B-93FD-404067C2EAFE}
		{D62293B2-C840-489C-B050-FE5776D67B55} = {D9B2A230-649C-411B-93FD-404067C2EAFE}
		{7C9D1B3C-69C7-45EB-AA8A-5E812A8A0F2A} = {D9B2A230-649C-411B-93FD-404067C2EAFE}
		{EE2053AC-9253-40FF-8298-79A9A46923D3} = {D9B2A230-649C-411B-93FD-404067C2EAFE}
		{0630B20D-6C38-4D05-9907-506CE3D2C4F3} = {D9B2A230-649C-411B-93FD-404067C2EAFE}
		{E48D873A-164D-437B-A237-22DA83C4F0C3} = {D9B2A230-649C-411B-93FD-404067C2EAFE}
		{E492DA51-5D93-4E9B-9666-AA805516A458} = {FFC79406-1A29-4F3A-B861-F94ED3452D6F}
		{32A8005A-A5D7-4866-A78C-72714AF74E71} = {FFC79406-1A29-4F3A-B861-F94ED3452D6F}
		{19BF6FE1-4213-41CC-B749-3825C0D581B4} = {BDC37F25-75D0-4254-9B93-98E65B43F95C}
		{5E8F1FE0-F6AB-4FC5-8607-FDB9422CBCFD} = {3A2E3CDF-3CDE-44D1-A120-707B905365EF}
		{4C7DE7DA-3231-4432-9382-B580C61F6948} = {BDC37F25-75D0-4254-9B93-98E65B43F95C}
		{6A401DC1-33A5-469A-A73E-C1B97C5DB951} = {3A2E3CDF-3CDE-44D1-A120-707B905365EF}
		{4F11136E-734C-4A5E-AD0D-6B9FA45413D2} = {6F19135D-5E3D-4297-9619-388661248E20}
		{233D0FCF-0A1A-49E6-BC71-8AE08537CEEE} = {6F19135D-5E3D-4297-9619-388661248E20}
		{28EEE768-9AB4-4A00-8842-1A02395193F1} = {A0931DAA-4A7B-4362-9A12-5A65B1AD5689}
		{F719F23C-B412-44B4-AE64-576F81911F62} = {A0931DAA-4A7B-4362-9A12-5A65B1AD5689}
	EndGlobalSection
	GlobalSection(ProjectConfigurationPlatforms) = postSolution
		{C53F3409-061B-4F0D-BC1B-915EF18BB584}.Debug|Any CPU.ActiveCfg = Debug|Any CPU
		{C53F3409-061B-4F0D-BC1B-915EF18BB584}.Debug|Any CPU.Build.0 = Debug|Any CPU
		{C53F3409-061B-4F0D-BC1B-915EF18BB584}.Release|Any CPU.ActiveCfg = Release|Any CPU
		{C53F3409-061B-4F0D-BC1B-915EF18BB584}.Release|Any CPU.Build.0 = Release|Any CPU
		{F62D163F-F570-4508-AC76-ADC960C84D3F}.Debug|Any CPU.ActiveCfg = Debug|Any CPU
		{F62D163F-F570-4508-AC76-ADC960C84D3F}.Debug|Any CPU.Build.0 = Debug|Any CPU
		{F62D163F-F570-4508-AC76-ADC960C84D3F}.Release|Any CPU.ActiveCfg = Release|Any CPU
		{F62D163F-F570-4508-AC76-ADC960C84D3F}.Release|Any CPU.Build.0 = Release|Any CPU
		{91E577C3-6541-4998-AAE4-A8F9EEB95F08}.Debug|Any CPU.ActiveCfg = Debug|Any CPU
		{91E577C3-6541-4998-AAE4-A8F9EEB95F08}.Debug|Any CPU.Build.0 = Debug|Any CPU
		{91E577C3-6541-4998-AAE4-A8F9EEB95F08}.Release|Any CPU.ActiveCfg = Release|Any CPU
		{91E577C3-6541-4998-AAE4-A8F9EEB95F08}.Release|Any CPU.Build.0 = Release|Any CPU
		{BF63BCA9-7066-47F7-8097-B2FF21B05C82}.Debug|Any CPU.ActiveCfg = Debug|Any CPU
		{BF63BCA9-7066-47F7-8097-B2FF21B05C82}.Debug|Any CPU.Build.0 = Debug|Any CPU
		{BF63BCA9-7066-47F7-8097-B2FF21B05C82}.Release|Any CPU.ActiveCfg = Release|Any CPU
		{BF63BCA9-7066-47F7-8097-B2FF21B05C82}.Release|Any CPU.Build.0 = Release|Any CPU
		{899A49B1-B1B6-4586-9BB9-47C91400BAEA}.Debug|Any CPU.ActiveCfg = Debug|Any CPU
		{899A49B1-B1B6-4586-9BB9-47C91400BAEA}.Debug|Any CPU.Build.0 = Debug|Any CPU
		{899A49B1-B1B6-4586-9BB9-47C91400BAEA}.Release|Any CPU.ActiveCfg = Release|Any CPU
		{899A49B1-B1B6-4586-9BB9-47C91400BAEA}.Release|Any CPU.Build.0 = Release|Any CPU
		{71D36641-9777-475D-97CF-256156895065}.Debug|Any CPU.ActiveCfg = Debug|Any CPU
		{71D36641-9777-475D-97CF-256156895065}.Debug|Any CPU.Build.0 = Debug|Any CPU
		{71D36641-9777-475D-97CF-256156895065}.Release|Any CPU.ActiveCfg = Release|Any CPU
		{71D36641-9777-475D-97CF-256156895065}.Release|Any CPU.Build.0 = Release|Any CPU
		{E405E067-4470-4929-8B0C-C4907EF6514B}.Debug|Any CPU.ActiveCfg = Debug|Any CPU
		{E405E067-4470-4929-8B0C-C4907EF6514B}.Debug|Any CPU.Build.0 = Debug|Any CPU
		{E405E067-4470-4929-8B0C-C4907EF6514B}.Release|Any CPU.ActiveCfg = Release|Any CPU
		{E405E067-4470-4929-8B0C-C4907EF6514B}.Release|Any CPU.Build.0 = Release|Any CPU
		{53087059-BCB1-4AF0-84D4-C7C50A6431B1}.Debug|Any CPU.ActiveCfg = Debug|Any CPU
		{53087059-BCB1-4AF0-84D4-C7C50A6431B1}.Debug|Any CPU.Build.0 = Debug|Any CPU
		{53087059-BCB1-4AF0-84D4-C7C50A6431B1}.Release|Any CPU.ActiveCfg = Release|Any CPU
		{53087059-BCB1-4AF0-84D4-C7C50A6431B1}.Release|Any CPU.Build.0 = Release|Any CPU
		{515430A0-9846-422C-A9A7-7DA1A21A1D7C}.Debug|Any CPU.ActiveCfg = Debug|Any CPU
		{515430A0-9846-422C-A9A7-7DA1A21A1D7C}.Debug|Any CPU.Build.0 = Debug|Any CPU
		{515430A0-9846-422C-A9A7-7DA1A21A1D7C}.Release|Any CPU.ActiveCfg = Release|Any CPU
		{515430A0-9846-422C-A9A7-7DA1A21A1D7C}.Release|Any CPU.Build.0 = Release|Any CPU
		{5E1BAC4E-FAF6-4801-8563-FDB925148C60}.Debug|Any CPU.ActiveCfg = Debug|Any CPU
		{5E1BAC4E-FAF6-4801-8563-FDB925148C60}.Debug|Any CPU.Build.0 = Debug|Any CPU
		{5E1BAC4E-FAF6-4801-8563-FDB925148C60}.Release|Any CPU.ActiveCfg = Release|Any CPU
		{5E1BAC4E-FAF6-4801-8563-FDB925148C60}.Release|Any CPU.Build.0 = Release|Any CPU
		{92616625-25C6-4B12-9C66-836836E4B5FD}.Debug|Any CPU.ActiveCfg = Debug|Any CPU
		{92616625-25C6-4B12-9C66-836836E4B5FD}.Debug|Any CPU.Build.0 = Debug|Any CPU
		{92616625-25C6-4B12-9C66-836836E4B5FD}.Release|Any CPU.ActiveCfg = Release|Any CPU
		{92616625-25C6-4B12-9C66-836836E4B5FD}.Release|Any CPU.Build.0 = Release|Any CPU
		{88CD5C59-FA1E-47DA-8370-D526521BC7F8}.Debug|Any CPU.ActiveCfg = Debug|Any CPU
		{88CD5C59-FA1E-47DA-8370-D526521BC7F8}.Debug|Any CPU.Build.0 = Debug|Any CPU
		{88CD5C59-FA1E-47DA-8370-D526521BC7F8}.Release|Any CPU.ActiveCfg = Release|Any CPU
		{88CD5C59-FA1E-47DA-8370-D526521BC7F8}.Release|Any CPU.Build.0 = Release|Any CPU
		{D62293B2-C840-489C-B050-FE5776D67B55}.Debug|Any CPU.ActiveCfg = Debug|Any CPU
		{D62293B2-C840-489C-B050-FE5776D67B55}.Debug|Any CPU.Build.0 = Debug|Any CPU
		{D62293B2-C840-489C-B050-FE5776D67B55}.Release|Any CPU.ActiveCfg = Release|Any CPU
		{D62293B2-C840-489C-B050-FE5776D67B55}.Release|Any CPU.Build.0 = Release|Any CPU
		{7C9D1B3C-69C7-45EB-AA8A-5E812A8A0F2A}.Debug|Any CPU.ActiveCfg = Debug|Any CPU
		{7C9D1B3C-69C7-45EB-AA8A-5E812A8A0F2A}.Debug|Any CPU.Build.0 = Debug|Any CPU
		{7C9D1B3C-69C7-45EB-AA8A-5E812A8A0F2A}.Release|Any CPU.ActiveCfg = Release|Any CPU
		{7C9D1B3C-69C7-45EB-AA8A-5E812A8A0F2A}.Release|Any CPU.Build.0 = Release|Any CPU
		{EE2053AC-9253-40FF-8298-79A9A46923D3}.Debug|Any CPU.ActiveCfg = Debug|Any CPU
		{EE2053AC-9253-40FF-8298-79A9A46923D3}.Debug|Any CPU.Build.0 = Debug|Any CPU
		{EE2053AC-9253-40FF-8298-79A9A46923D3}.Release|Any CPU.ActiveCfg = Release|Any CPU
		{EE2053AC-9253-40FF-8298-79A9A46923D3}.Release|Any CPU.Build.0 = Release|Any CPU
		{0630B20D-6C38-4D05-9907-506CE3D2C4F3}.Debug|Any CPU.ActiveCfg = Debug|Any CPU
		{0630B20D-6C38-4D05-9907-506CE3D2C4F3}.Debug|Any CPU.Build.0 = Debug|Any CPU
		{0630B20D-6C38-4D05-9907-506CE3D2C4F3}.Release|Any CPU.ActiveCfg = Release|Any CPU
		{0630B20D-6C38-4D05-9907-506CE3D2C4F3}.Release|Any CPU.Build.0 = Release|Any CPU
		{E48D873A-164D-437B-A237-22DA83C4F0C3}.Debug|Any CPU.ActiveCfg = Debug|Any CPU
		{E48D873A-164D-437B-A237-22DA83C4F0C3}.Debug|Any CPU.Build.0 = Debug|Any CPU
		{E48D873A-164D-437B-A237-22DA83C4F0C3}.Release|Any CPU.ActiveCfg = Release|Any CPU
		{E48D873A-164D-437B-A237-22DA83C4F0C3}.Release|Any CPU.Build.0 = Release|Any CPU
		{E492DA51-5D93-4E9B-9666-AA805516A458}.Debug|Any CPU.ActiveCfg = Debug|Any CPU
		{E492DA51-5D93-4E9B-9666-AA805516A458}.Debug|Any CPU.Build.0 = Debug|Any CPU
		{E492DA51-5D93-4E9B-9666-AA805516A458}.Release|Any CPU.ActiveCfg = Release|Any CPU
		{E492DA51-5D93-4E9B-9666-AA805516A458}.Release|Any CPU.Build.0 = Release|Any CPU
		{32A8005A-A5D7-4866-A78C-72714AF74E71}.Debug|Any CPU.ActiveCfg = Debug|Any CPU
		{32A8005A-A5D7-4866-A78C-72714AF74E71}.Debug|Any CPU.Build.0 = Debug|Any CPU
		{32A8005A-A5D7-4866-A78C-72714AF74E71}.Release|Any CPU.ActiveCfg = Release|Any CPU
		{32A8005A-A5D7-4866-A78C-72714AF74E71}.Release|Any CPU.Build.0 = Release|Any CPU
		{19BF6FE1-4213-41CC-B749-3825C0D581B4}.Debug|Any CPU.ActiveCfg = Debug|Any CPU
		{19BF6FE1-4213-41CC-B749-3825C0D581B4}.Debug|Any CPU.Build.0 = Debug|Any CPU
		{19BF6FE1-4213-41CC-B749-3825C0D581B4}.Release|Any CPU.ActiveCfg = Release|Any CPU
		{19BF6FE1-4213-41CC-B749-3825C0D581B4}.Release|Any CPU.Build.0 = Release|Any CPU
		{5E8F1FE0-F6AB-4FC5-8607-FDB9422CBCFD}.Debug|Any CPU.ActiveCfg = Debug|Any CPU
		{5E8F1FE0-F6AB-4FC5-8607-FDB9422CBCFD}.Debug|Any CPU.Build.0 = Debug|Any CPU
		{5E8F1FE0-F6AB-4FC5-8607-FDB9422CBCFD}.Release|Any CPU.ActiveCfg = Release|Any CPU
		{5E8F1FE0-F6AB-4FC5-8607-FDB9422CBCFD}.Release|Any CPU.Build.0 = Release|Any CPU
		{4C7DE7DA-3231-4432-9382-B580C61F6948}.Debug|Any CPU.ActiveCfg = Debug|Any CPU
		{4C7DE7DA-3231-4432-9382-B580C61F6948}.Debug|Any CPU.Build.0 = Debug|Any CPU
		{4C7DE7DA-3231-4432-9382-B580C61F6948}.Release|Any CPU.ActiveCfg = Release|Any CPU
		{4C7DE7DA-3231-4432-9382-B580C61F6948}.Release|Any CPU.Build.0 = Release|Any CPU
		{6A401DC1-33A5-469A-A73E-C1B97C5DB951}.Debug|Any CPU.ActiveCfg = Debug|Any CPU
		{6A401DC1-33A5-469A-A73E-C1B97C5DB951}.Debug|Any CPU.Build.0 = Debug|Any CPU
		{6A401DC1-33A5-469A-A73E-C1B97C5DB951}.Release|Any CPU.ActiveCfg = Release|Any CPU
		{6A401DC1-33A5-469A-A73E-C1B97C5DB951}.Release|Any CPU.Build.0 = Release|Any CPU
		{4F11136E-734C-4A5E-AD0D-6B9FA45413D2}.Debug|Any CPU.ActiveCfg = Debug|Any CPU
		{4F11136E-734C-4A5E-AD0D-6B9FA45413D2}.Debug|Any CPU.Build.0 = Debug|Any CPU
		{4F11136E-734C-4A5E-AD0D-6B9FA45413D2}.Release|Any CPU.ActiveCfg = Release|Any CPU
		{4F11136E-734C-4A5E-AD0D-6B9FA45413D2}.Release|Any CPU.Build.0 = Release|Any CPU
		{233D0FCF-0A1A-49E6-BC71-8AE08537CEEE}.Debug|Any CPU.ActiveCfg = Debug|Any CPU
		{233D0FCF-0A1A-49E6-BC71-8AE08537CEEE}.Debug|Any CPU.Build.0 = Debug|Any CPU
		{233D0FCF-0A1A-49E6-BC71-8AE08537CEEE}.Release|Any CPU.ActiveCfg = Release|Any CPU
		{233D0FCF-0A1A-49E6-BC71-8AE08537CEEE}.Release|Any CPU.Build.0 = Release|Any CPU
		{28EEE768-9AB4-4A00-8842-1A02395193F1}.Debug|Any CPU.ActiveCfg = Debug|Any CPU
		{28EEE768-9AB4-4A00-8842-1A02395193F1}.Debug|Any CPU.Build.0 = Debug|Any CPU
		{28EEE768-9AB4-4A00-8842-1A02395193F1}.Release|Any CPU.ActiveCfg = Release|Any CPU
		{28EEE768-9AB4-4A00-8842-1A02395193F1}.Release|Any CPU.Build.0 = Release|Any CPU
		{F719F23C-B412-44B4-AE64-576F81911F62}.Debug|Any CPU.ActiveCfg = Debug|Any CPU
		{F719F23C-B412-44B4-AE64-576F81911F62}.Debug|Any CPU.Build.0 = Debug|Any CPU
		{F719F23C-B412-44B4-AE64-576F81911F62}.Release|Any CPU.ActiveCfg = Release|Any CPU
		{F719F23C-B412-44B4-AE64-576F81911F62}.Release|Any CPU.Build.0 = Release|Any CPU
		{E5A3B6C5-D5DB-4FD0-8064-493A3FA49C3A}.Debug|Any CPU.ActiveCfg = Debug|Any CPU
		{E5A3B6C5-D5DB-4FD0-8064-493A3FA49C3A}.Debug|Any CPU.Build.0 = Debug|Any CPU
		{E5A3B6C5-D5DB-4FD0-8064-493A3FA49C3A}.Release|Any CPU.ActiveCfg = Release|Any CPU
		{E5A3B6C5-D5DB-4FD0-8064-493A3FA49C3A}.Release|Any CPU.Build.0 = Release|Any CPU
	EndGlobalSection
EndGlobal
